
Microsoft Visual Studio Solution File, Format Version 12.00
# Visual Studio Version 17
VisualStudioVersion = 17.5.002.0
MinimumVisualStudioVersion = 10.0.40219.1
Project("{9A19103F-16F7-4668-BE54-9A1E7A4F7556}") = "ScreenTimeClient", "src\ScreenTimeClient\ScreenTimeClient.csproj", "{C8F5B159-EE59-4DF2-AE4F-F29720D2C411}"
EndProject
Project("{FAE04EC0-301F-11D3-BF4B-00C04F79EFBC}") = "ScreenTimeServiceLegacy", "src\ScreenTimeServiceLegacy\ScreenTimeServiceLegacy.csproj", "{EDBFCD42-DF29-4EF1-A71E-7CA2F99D6BD2}"
EndProject
Project("{FAE04EC0-301F-11D3-BF4B-00C04F79EFBC}") = "ScreenTimeTest", "src\ScreenTimeTest\ScreenTimeTest.csproj", "{723DBE42-FDB4-09D1-B381-2B18C4E0C02D}"
EndProject
Project("{FAE04EC0-301F-11D3-BF4B-00C04F79EFBC}") = "ScreenTimeService", "ScreenTimeService\ScreenTimeService.csproj", "{C6D92DBD-6494-4BB9-8A1E-FEC05C121411}"
EndProject
Project("{FAE04EC0-301F-11D3-BF4B-00C04F79EFBC}") = "ScreenTimeWebApp", "ScreenTimeWebApp\ScreenTimeWebApp.csproj", "{74824E5D-D706-4B15-8FAC-519481DFD92F}"
EndProject
Global
	GlobalSection(SolutionConfigurationPlatforms) = preSolution
		Debug|Any CPU = Debug|Any CPU
		Release|Any CPU = Release|Any CPU
	EndGlobalSection
	GlobalSection(ProjectConfigurationPlatforms) = postSolution
		{C8F5B159-EE59-4DF2-AE4F-F29720D2C411}.Debug|Any CPU.ActiveCfg = Debug|Any CPU
		{C8F5B159-EE59-4DF2-AE4F-F29720D2C411}.Debug|Any CPU.Build.0 = Debug|Any CPU
		{C8F5B159-EE59-4DF2-AE4F-F29720D2C411}.Release|Any CPU.ActiveCfg = Release|Any CPU
		{C8F5B159-EE59-4DF2-AE4F-F29720D2C411}.Release|Any CPU.Build.0 = Release|Any CPU
		{EDBFCD42-DF29-4EF1-A71E-7CA2F99D6BD2}.Debug|Any CPU.ActiveCfg = Debug|Any CPU
		{EDBFCD42-DF29-4EF1-A71E-7CA2F99D6BD2}.Debug|Any CPU.Build.0 = Debug|Any CPU
		{EDBFCD42-DF29-4EF1-A71E-7CA2F99D6BD2}.Release|Any CPU.ActiveCfg = Release|Any CPU
		{EDBFCD42-DF29-4EF1-A71E-7CA2F99D6BD2}.Release|Any CPU.Build.0 = Release|Any CPU
		{723DBE42-FDB4-09D1-B381-2B18C4E0C02D}.Debug|Any CPU.ActiveCfg = Debug|Any CPU
		{723DBE42-FDB4-09D1-B381-2B18C4E0C02D}.Debug|Any CPU.Build.0 = Debug|Any CPU
		{723DBE42-FDB4-09D1-B381-2B18C4E0C02D}.Release|Any CPU.ActiveCfg = Release|Any CPU
		{723DBE42-FDB4-09D1-B381-2B18C4E0C02D}.Release|Any CPU.Build.0 = Release|Any CPU
		{C6D92DBD-6494-4BB9-8A1E-FEC05C121411}.Debug|Any CPU.ActiveCfg = Debug|Any CPU
		{C6D92DBD-6494-4BB9-8A1E-FEC05C121411}.Debug|Any CPU.Build.0 = Debug|Any CPU
		{C6D92DBD-6494-4BB9-8A1E-FEC05C121411}.Release|Any CPU.ActiveCfg = Release|Any CPU
		{C6D92DBD-6494-4BB9-8A1E-FEC05C121411}.Release|Any CPU.Build.0 = Release|Any CPU
		{74824E5D-D706-4B15-8FAC-519481DFD92F}.Debug|Any CPU.ActiveCfg = Debug|Any CPU
		{74824E5D-D706-4B15-8FAC-519481DFD92F}.Debug|Any CPU.Build.0 = Debug|Any CPU
		{74824E5D-D706-4B15-8FAC-519481DFD92F}.Release|Any CPU.ActiveCfg = Release|Any CPU
		{74824E5D-D706-4B15-8FAC-519481DFD92F}.Release|Any CPU.Build.0 = Release|Any CPU
	EndGlobalSection
	GlobalSection(SolutionProperties) = preSolution
		HideSolutionNode = FALSE
	EndGlobalSection
	GlobalSection(ExtensibilityGlobals) = postSolution
		SolutionGuid = {2B0B270B-AAFB-4369-AAF3-38E4C2E5DAC2}
	EndGlobalSection
EndGlobal
